
Microsoft Visual Studio Solution File, Format Version 12.00
# Visual Studio Version 17
VisualStudioVersion = 17.4.33205.214
MinimumVisualStudioVersion = 10.0.40219.1
Project("{8BC9CEB8-8B4A-11D0-8D11-00A0C91BC942}") = "Transport", "Transport\Transport.vcxproj", "{784F7A3F-5990-4E9B-B8A2-13F249FCEE52}"
EndProject
Global
	GlobalSection(SolutionConfigurationPlatforms) = preSolution
		Debug|x64 = Debug|x64
		Debug|x86 = Debug|x86
		Release|x64 = Release|x64
		Release|x86 = Release|x86
	EndGlobalSection
	GlobalSection(ProjectConfigurationPlatforms) = postSolution
		{784F7A3F-5990-4E9B-B8A2-13F249FCEE52}.Debug|x64.ActiveCfg = Debug|x64
		{784F7A3F-5990-4E9B-B8A2-13F249FCEE52}.Debug|x64.Build.0 = Debug|x64
		{784F7A3F-5990-4E9B-B8A2-13F249FCEE52}.Debug|x86.ActiveCfg = Debug|Win32
		{784F7A3F-5990-4E9B-B8A2-13F249FCEE52}.Debug|x86.Build.0 = Debug|Win32
		{784F7A3F-5990-4E9B-B8A2-13F249FCEE52}.Release|x64.ActiveCfg = Release|x64
		{784F7A3F-5990-4E9B-B8A2-13F249FCEE52}.Release|x64.Build.0 = Release|x64
		{784F7A3F-5990-4E9B-B8A2-13F249FCEE52}.Release|x86.ActiveCfg = Release|Win32
		{784F7A3F-5990-4E9B-B8A2-13F249FCEE52}.Release|x86.Build.0 = Release|Win32
	EndGlobalSection
	GlobalSection(SolutionProperties) = preSolution
		HideSolutionNode = FALSE
	EndGlobalSection
	GlobalSection(ExtensibilityGlobals) = postSolution
		SolutionGuid = {79B47CEF-22D2-4B84-B538-974D9B52636B}
	EndGlobalSection
EndGlobal
